// !$*UTF8*$!
{
	archiveVersion = 1;
	classes = {
	};
	objectVersion = 51;
	objects = {

/* Begin PBXBuildFile section */
		491411E921D9DF18337B3015 /* Pods_EverMore.framework in Frameworks */ = {isa = PBXBuildFile; fileRef = 04AABC6B61D28F4E8FD95CDE /* Pods_EverMore.framework */; };
		763F155EC2F93FE0A8AEF17E /* Pods_EverMoreTests.framework in Frameworks */ = {isa = PBXBuildFile; fileRef = 66052AC8C6D66000B096E3CC /* Pods_EverMoreTests.framework */; };
		A0019B2A246712A60061BBF5 /* TabBarController.swift in Sources */ = {isa = PBXBuildFile; fileRef = A0019B29246712A60061BBF5 /* TabBarController.swift */; };
		A0019B2C246712F00061BBF5 /* HomeViewController.swift in Sources */ = {isa = PBXBuildFile; fileRef = A0019B2B246712F00061BBF5 /* HomeViewController.swift */; };
		A00C099F246DCC8100691728 /* TutorialViewController.swift in Sources */ = {isa = PBXBuildFile; fileRef = A00C099E246DCC8100691728 /* TutorialViewController.swift */; };
		A0385E4D2461D0A600A77848 /* DebtOwedVC.swift in Sources */ = {isa = PBXBuildFile; fileRef = A0385E4C2461D0A600A77848 /* DebtOwedVC.swift */; };
		A0385E4F2461DA2F00A77848 /* Budget.swift in Sources */ = {isa = PBXBuildFile; fileRef = A0385E4E2461DA2F00A77848 /* Budget.swift */; };
		A0403FD92465C26700A81462 /* Budget.swift in Sources */ = {isa = PBXBuildFile; fileRef = A0403FD82465C26700A81462 /* Budget.swift */; };
		A04591F2245E049500ADEFFD /* Constants.swift in Sources */ = {isa = PBXBuildFile; fileRef = A04591F1245E049500ADEFFD /* Constants.swift */; };
		A04B5E602469E034008A418A /* UnderlineTextfield.swift in Sources */ = {isa = PBXBuildFile; fileRef = A04B5E5F2469E034008A418A /* UnderlineTextfield.swift */; };
		A0750D3C245E37B300194C15 /* ValuePickerViewController.swift in Sources */ = {isa = PBXBuildFile; fileRef = A0750D3B245E37B300194C15 /* ValuePickerViewController.swift */; };
		A0750D3E245E39C500194C15 /* Extensions.swift in Sources */ = {isa = PBXBuildFile; fileRef = A0750D3D245E39C500194C15 /* Extensions.swift */; };
		A0750D40245E3AB300194C15 /* BottomBackNextView.swift in Sources */ = {isa = PBXBuildFile; fileRef = A0750D3F245E3AB300194C15 /* BottomBackNextView.swift */; };
		A07BB41B245F19E200A9EBB2 /* MultipleSelectionListViewController.swift in Sources */ = {isa = PBXBuildFile; fileRef = A07BB41A245F19E200A9EBB2 /* MultipleSelectionListViewController.swift */; };
		A095E8B32469D7450023D3C8 /* EditCurrentBudgetVC.swift in Sources */ = {isa = PBXBuildFile; fileRef = A095E8B22469D7450023D3C8 /* EditCurrentBudgetVC.swift */; };
		A09D436D24647D5A00ABFAEC /* ReviewViewController.swift in Sources */ = {isa = PBXBuildFile; fileRef = A09D436C24647D5A00ABFAEC /* ReviewViewController.swift */; };
		A0A19EA2246B1923000FD2FD /* CategoryLabel.swift in Sources */ = {isa = PBXBuildFile; fileRef = A0A19EA1246B1923000FD2FD /* CategoryLabel.swift */; };
		A0B68CA9245D55A7002B6DED /* OnboardingHeaderView.swift in Sources */ = {isa = PBXBuildFile; fileRef = A0B68CA8245D55A7002B6DED /* OnboardingHeaderView.swift */; };
		A0B68CAB245D55B6002B6DED /* OnboardingCell.swift in Sources */ = {isa = PBXBuildFile; fileRef = A0B68CAA245D55B6002B6DED /* OnboardingCell.swift */; };
		A0E463C02470454A00078423 /* FeedbackViewController.swift in Sources */ = {isa = PBXBuildFile; fileRef = A0E463BF2470454A00078423 /* FeedbackViewController.swift */; };
		A0FC4494245D3C9E00B1ADCA /* AppDelegate.swift in Sources */ = {isa = PBXBuildFile; fileRef = A0FC4493245D3C9E00B1ADCA /* AppDelegate.swift */; };
		A0FC449E245D3C9E00B1ADCA /* EverMore.xcdatamodeld in Sources */ = {isa = PBXBuildFile; fileRef = A0FC449C245D3C9E00B1ADCA /* EverMore.xcdatamodeld */; };
		A0FC44A0245D3C9F00B1ADCA /* Assets.xcassets in Resources */ = {isa = PBXBuildFile; fileRef = A0FC449F245D3C9F00B1ADCA /* Assets.xcassets */; };
		A0FC44A3245D3C9F00B1ADCA /* LaunchScreen.storyboard in Resources */ = {isa = PBXBuildFile; fileRef = A0FC44A1245D3C9F00B1ADCA /* LaunchScreen.storyboard */; };
		A0FC44B9245D3C9F00B1ADCA /* EverMoreUITests.swift in Sources */ = {isa = PBXBuildFile; fileRef = A0FC44B8245D3C9F00B1ADCA /* EverMoreUITests.swift */; };
		A0FC44C7245D435800B1ADCA /* OnboardingMultipleChoiceVC.swift in Sources */ = {isa = PBXBuildFile; fileRef = A0FC44C6245D435800B1ADCA /* OnboardingMultipleChoiceVC.swift */; };
		AFE130E924781DFF00953BBA /* GoogleService-Info.plist in Resources */ = {isa = PBXBuildFile; fileRef = AFE130E824781DFF00953BBA /* GoogleService-Info.plist */; };
		C86218F138B07CE5CE6D297D /* Pods_EverMoreUITests.framework in Frameworks */ = {isa = PBXBuildFile; fileRef = 66E6358B98E129B8557F3011 /* Pods_EverMoreUITests.framework */; };
/* End PBXBuildFile section */

/* Begin PBXContainerItemProxy section */
		A0FC44AA245D3C9F00B1ADCA /* PBXContainerItemProxy */ = {
			isa = PBXContainerItemProxy;
			containerPortal = A0FC4488245D3C9E00B1ADCA /* Project object */;
			proxyType = 1;
			remoteGlobalIDString = A0FC448F245D3C9E00B1ADCA;
			remoteInfo = EverMore;
		};
		A0FC44B5245D3C9F00B1ADCA /* PBXContainerItemProxy */ = {
			isa = PBXContainerItemProxy;
			containerPortal = A0FC4488245D3C9E00B1ADCA /* Project object */;
			proxyType = 1;
			remoteGlobalIDString = A0FC448F245D3C9E00B1ADCA;
			remoteInfo = EverMore;
		};
/* End PBXContainerItemProxy section */

/* Begin PBXFileReference section */
		04AABC6B61D28F4E8FD95CDE /* Pods_EverMore.framework */ = {isa = PBXFileReference; explicitFileType = wrapper.framework; includeInIndex = 0; path = Pods_EverMore.framework; sourceTree = BUILT_PRODUCTS_DIR; };
		18F27926BE2397D9039931A0 /* Pods-EverMore.release.xcconfig */ = {isa = PBXFileReference; includeInIndex = 1; lastKnownFileType = text.xcconfig; name = "Pods-EverMore.release.xcconfig"; path = "Target Support Files/Pods-EverMore/Pods-EverMore.release.xcconfig"; sourceTree = "<group>"; };
		28C7E18E314844E74394EAA0 /* Pods-EverMoreUITests.debug.xcconfig */ = {isa = PBXFileReference; includeInIndex = 1; lastKnownFileType = text.xcconfig; name = "Pods-EverMoreUITests.debug.xcconfig"; path = "Target Support Files/Pods-EverMoreUITests/Pods-EverMoreUITests.debug.xcconfig"; sourceTree = "<group>"; };
		58DF6E5C9F792FACEA8CF10C /* Pods-EverMoreTests.release.xcconfig */ = {isa = PBXFileReference; includeInIndex = 1; lastKnownFileType = text.xcconfig; name = "Pods-EverMoreTests.release.xcconfig"; path = "Target Support Files/Pods-EverMoreTests/Pods-EverMoreTests.release.xcconfig"; sourceTree = "<group>"; };
		66052AC8C6D66000B096E3CC /* Pods_EverMoreTests.framework */ = {isa = PBXFileReference; explicitFileType = wrapper.framework; includeInIndex = 0; path = Pods_EverMoreTests.framework; sourceTree = BUILT_PRODUCTS_DIR; };
		66E6358B98E129B8557F3011 /* Pods_EverMoreUITests.framework */ = {isa = PBXFileReference; explicitFileType = wrapper.framework; includeInIndex = 0; path = Pods_EverMoreUITests.framework; sourceTree = BUILT_PRODUCTS_DIR; };
		94F8EFEDCDDAB8531583408A /* Pods-EverMoreTests.debug.xcconfig */ = {isa = PBXFileReference; includeInIndex = 1; lastKnownFileType = text.xcconfig; name = "Pods-EverMoreTests.debug.xcconfig"; path = "Target Support Files/Pods-EverMoreTests/Pods-EverMoreTests.debug.xcconfig"; sourceTree = "<group>"; };
		A0019B29246712A60061BBF5 /* TabBarController.swift */ = {isa = PBXFileReference; lastKnownFileType = sourcecode.swift; path = TabBarController.swift; sourceTree = "<group>"; };
		A0019B2B246712F00061BBF5 /* HomeViewController.swift */ = {isa = PBXFileReference; lastKnownFileType = sourcecode.swift; path = HomeViewController.swift; sourceTree = "<group>"; };
		A00C099E246DCC8100691728 /* TutorialViewController.swift */ = {isa = PBXFileReference; lastKnownFileType = sourcecode.swift; path = TutorialViewController.swift; sourceTree = "<group>"; };
		A0385E4C2461D0A600A77848 /* DebtOwedVC.swift */ = {isa = PBXFileReference; lastKnownFileType = sourcecode.swift; path = DebtOwedVC.swift; sourceTree = "<group>"; };
		A0385E4E2461DA2F00A77848 /* Budget.swift */ = {isa = PBXFileReference; lastKnownFileType = sourcecode.swift; path = Budget.swift; sourceTree = "<group>"; };
		A0403FD82465C26700A81462 /* Budget.swift */ = {isa = PBXFileReference; lastKnownFileType = sourcecode.swift; path = Budget.swift; sourceTree = "<group>"; };
		A04591F1245E049500ADEFFD /* Constants.swift */ = {isa = PBXFileReference; lastKnownFileType = sourcecode.swift; path = Constants.swift; sourceTree = "<group>"; };
		A04B5E5F2469E034008A418A /* UnderlineTextfield.swift */ = {isa = PBXFileReference; lastKnownFileType = sourcecode.swift; path = UnderlineTextfield.swift; sourceTree = "<group>"; };
		A0750D3B245E37B300194C15 /* ValuePickerViewController.swift */ = {isa = PBXFileReference; lastKnownFileType = sourcecode.swift; path = ValuePickerViewController.swift; sourceTree = "<group>"; };
		A0750D3D245E39C500194C15 /* Extensions.swift */ = {isa = PBXFileReference; lastKnownFileType = sourcecode.swift; path = Extensions.swift; sourceTree = "<group>"; };
		A0750D3F245E3AB300194C15 /* BottomBackNextView.swift */ = {isa = PBXFileReference; lastKnownFileType = sourcecode.swift; path = BottomBackNextView.swift; sourceTree = "<group>"; };
		A07BB41A245F19E200A9EBB2 /* MultipleSelectionListViewController.swift */ = {isa = PBXFileReference; lastKnownFileType = sourcecode.swift; path = MultipleSelectionListViewController.swift; sourceTree = "<group>"; };
		A095E8B22469D7450023D3C8 /* EditCurrentBudgetVC.swift */ = {isa = PBXFileReference; lastKnownFileType = sourcecode.swift; path = EditCurrentBudgetVC.swift; sourceTree = "<group>"; };
		A09D436C24647D5A00ABFAEC /* ReviewViewController.swift */ = {isa = PBXFileReference; lastKnownFileType = sourcecode.swift; path = ReviewViewController.swift; sourceTree = "<group>"; };
		A0A19EA1246B1923000FD2FD /* CategoryLabel.swift */ = {isa = PBXFileReference; lastKnownFileType = sourcecode.swift; path = CategoryLabel.swift; sourceTree = "<group>"; };
		A0B68CA8245D55A7002B6DED /* OnboardingHeaderView.swift */ = {isa = PBXFileReference; lastKnownFileType = sourcecode.swift; path = OnboardingHeaderView.swift; sourceTree = "<group>"; };
		A0B68CAA245D55B6002B6DED /* OnboardingCell.swift */ = {isa = PBXFileReference; lastKnownFileType = sourcecode.swift; path = OnboardingCell.swift; sourceTree = "<group>"; };
		A0E463BF2470454A00078423 /* FeedbackViewController.swift */ = {isa = PBXFileReference; lastKnownFileType = sourcecode.swift; path = FeedbackViewController.swift; sourceTree = "<group>"; };
		A0FC4490245D3C9E00B1ADCA /* EverMore.app */ = {isa = PBXFileReference; explicitFileType = wrapper.application; includeInIndex = 0; path = EverMore.app; sourceTree = BUILT_PRODUCTS_DIR; };
		A0FC4493245D3C9E00B1ADCA /* AppDelegate.swift */ = {isa = PBXFileReference; lastKnownFileType = sourcecode.swift; path = AppDelegate.swift; sourceTree = "<group>"; };
		A0FC449D245D3C9E00B1ADCA /* EverMore.xcdatamodel */ = {isa = PBXFileReference; lastKnownFileType = wrapper.xcdatamodel; path = EverMore.xcdatamodel; sourceTree = "<group>"; };
		A0FC449F245D3C9F00B1ADCA /* Assets.xcassets */ = {isa = PBXFileReference; lastKnownFileType = folder.assetcatalog; path = Assets.xcassets; sourceTree = "<group>"; };
		A0FC44A2245D3C9F00B1ADCA /* Base */ = {isa = PBXFileReference; lastKnownFileType = file.storyboard; name = Base; path = Base.lproj/LaunchScreen.storyboard; sourceTree = "<group>"; };
		A0FC44A4245D3C9F00B1ADCA /* Info.plist */ = {isa = PBXFileReference; lastKnownFileType = text.plist.xml; path = Info.plist; sourceTree = "<group>"; };
		A0FC44A9245D3C9F00B1ADCA /* EverMoreTests.xctest */ = {isa = PBXFileReference; explicitFileType = wrapper.cfbundle; includeInIndex = 0; path = EverMoreTests.xctest; sourceTree = BUILT_PRODUCTS_DIR; };
		A0FC44AF245D3C9F00B1ADCA /* Info.plist */ = {isa = PBXFileReference; lastKnownFileType = text.plist.xml; path = Info.plist; sourceTree = "<group>"; };
		A0FC44B4245D3C9F00B1ADCA /* EverMoreUITests.xctest */ = {isa = PBXFileReference; explicitFileType = wrapper.cfbundle; includeInIndex = 0; path = EverMoreUITests.xctest; sourceTree = BUILT_PRODUCTS_DIR; };
		A0FC44B8245D3C9F00B1ADCA /* EverMoreUITests.swift */ = {isa = PBXFileReference; lastKnownFileType = sourcecode.swift; path = EverMoreUITests.swift; sourceTree = "<group>"; };
		A0FC44BA245D3C9F00B1ADCA /* Info.plist */ = {isa = PBXFileReference; lastKnownFileType = text.plist.xml; path = Info.plist; sourceTree = "<group>"; };
		A0FC44C6245D435800B1ADCA /* OnboardingMultipleChoiceVC.swift */ = {isa = PBXFileReference; lastKnownFileType = sourcecode.swift; path = OnboardingMultipleChoiceVC.swift; sourceTree = "<group>"; };
		AFE130E824781DFF00953BBA /* GoogleService-Info.plist */ = {isa = PBXFileReference; fileEncoding = 4; lastKnownFileType = text.plist.xml; path = "GoogleService-Info.plist"; sourceTree = "<group>"; };
		E3114B7F732BF7ECA90779F7 /* Pods-EverMoreUITests.release.xcconfig */ = {isa = PBXFileReference; includeInIndex = 1; lastKnownFileType = text.xcconfig; name = "Pods-EverMoreUITests.release.xcconfig"; path = "Target Support Files/Pods-EverMoreUITests/Pods-EverMoreUITests.release.xcconfig"; sourceTree = "<group>"; };
		EB876269660437636E5468DC /* Pods-EverMore.debug.xcconfig */ = {isa = PBXFileReference; includeInIndex = 1; lastKnownFileType = text.xcconfig; name = "Pods-EverMore.debug.xcconfig"; path = "Target Support Files/Pods-EverMore/Pods-EverMore.debug.xcconfig"; sourceTree = "<group>"; };
/* End PBXFileReference section */

/* Begin PBXFrameworksBuildPhase section */
		A0FC448D245D3C9E00B1ADCA /* Frameworks */ = {
			isa = PBXFrameworksBuildPhase;
			buildActionMask = 2147483647;
			files = (
				491411E921D9DF18337B3015 /* Pods_EverMore.framework in Frameworks */,
			);
			runOnlyForDeploymentPostprocessing = 0;
		};
		A0FC44A6245D3C9F00B1ADCA /* Frameworks */ = {
			isa = PBXFrameworksBuildPhase;
			buildActionMask = 2147483647;
			files = (
				763F155EC2F93FE0A8AEF17E /* Pods_EverMoreTests.framework in Frameworks */,
			);
			runOnlyForDeploymentPostprocessing = 0;
		};
		A0FC44B1245D3C9F00B1ADCA /* Frameworks */ = {
			isa = PBXFrameworksBuildPhase;
			buildActionMask = 2147483647;
			files = (
				C86218F138B07CE5CE6D297D /* Pods_EverMoreUITests.framework in Frameworks */,
			);
			runOnlyForDeploymentPostprocessing = 0;
		};
/* End PBXFrameworksBuildPhase section */

/* Begin PBXGroup section */
		A036FF7B2470420300BD012E /* Model */ = {
			isa = PBXGroup;
			children = (
				A0385E4E2461DA2F00A77848 /* Budget.swift */,
			);
			path = Model;
			sourceTree = "<group>";
		};
		A036FF7C2470421200BD012E /* Extensions */ = {
			isa = PBXGroup;
			children = (
				A04591F1245E049500ADEFFD /* Constants.swift */,
				A0750D3D245E39C500194C15 /* Extensions.swift */,
			);
			path = Extensions;
			sourceTree = "<group>";
		};
		A0B68CAC245D56C0002B6DED /* Views */ = {
			isa = PBXGroup;
			children = (
				A0B68CAE245D56CF002B6DED /* HeaderViews */,
				A0B68CAD245D56C7002B6DED /* Cells */,
				A0750D3F245E3AB300194C15 /* BottomBackNextView.swift */,
				A04B5E5F2469E034008A418A /* UnderlineTextfield.swift */,
				A0A19EA1246B1923000FD2FD /* CategoryLabel.swift */,
			);
			path = Views;
			sourceTree = "<group>";
		};
		A0B68CAD245D56C7002B6DED /* Cells */ = {
			isa = PBXGroup;
			children = (
				A0B68CAA245D55B6002B6DED /* OnboardingCell.swift */,
			);
			path = Cells;
			sourceTree = "<group>";
		};
		A0B68CAE245D56CF002B6DED /* HeaderViews */ = {
			isa = PBXGroup;
			children = (
				A0B68CA8245D55A7002B6DED /* OnboardingHeaderView.swift */,
			);
			path = HeaderViews;
			sourceTree = "<group>";
		};
		A0B68CAF245D574C002B6DED /* ViewControllers */ = {
			isa = PBXGroup;
			children = (
				A0FC44C6245D435800B1ADCA /* OnboardingMultipleChoiceVC.swift */,
				A0750D3B245E37B300194C15 /* ValuePickerViewController.swift */,
				A07BB41A245F19E200A9EBB2 /* MultipleSelectionListViewController.swift */,
				A0385E4C2461D0A600A77848 /* DebtOwedVC.swift */,
				A09D436C24647D5A00ABFAEC /* ReviewViewController.swift */,
				A0019B29246712A60061BBF5 /* TabBarController.swift */,
				A0019B2B246712F00061BBF5 /* HomeViewController.swift */,
				A095E8B22469D7450023D3C8 /* EditCurrentBudgetVC.swift */,
				A00C099E246DCC8100691728 /* TutorialViewController.swift */,
				A0E463BF2470454A00078423 /* FeedbackViewController.swift */,
			);
			path = ViewControllers;
			sourceTree = "<group>";
		};
		A0FC4487245D3C9E00B1ADCA = {
			isa = PBXGroup;
			children = (
				A0FC4492245D3C9E00B1ADCA /* EverMore */,
				A0FC44AC245D3C9F00B1ADCA /* EverMoreTests */,
				A0FC44B7245D3C9F00B1ADCA /* EverMoreUITests */,
				A0FC4491245D3C9E00B1ADCA /* Products */,
				A321ABA44588D50DF197E7F5 /* Pods */,
				FC5DBEEA5AE077495DB28570 /* Frameworks */,
			);
			sourceTree = "<group>";
		};
		A0FC4491245D3C9E00B1ADCA /* Products */ = {
			isa = PBXGroup;
			children = (
				A0FC4490245D3C9E00B1ADCA /* EverMore.app */,
				A0FC44A9245D3C9F00B1ADCA /* EverMoreTests.xctest */,
				A0FC44B4245D3C9F00B1ADCA /* EverMoreUITests.xctest */,
			);
			name = Products;
			sourceTree = "<group>";
		};
		A0FC4492245D3C9E00B1ADCA /* EverMore */ = {
			isa = PBXGroup;
			children = (
				AFE130E824781DFF00953BBA /* GoogleService-Info.plist */,
				A036FF7C2470421200BD012E /* Extensions */,
				A036FF7B2470420300BD012E /* Model */,
				A0B68CAF245D574C002B6DED /* ViewControllers */,
				A0B68CAC245D56C0002B6DED /* Views */,
				A0FC449F245D3C9F00B1ADCA /* Assets.xcassets */,
				A0FC44A1245D3C9F00B1ADCA /* LaunchScreen.storyboard */,
				A0FC44A4245D3C9F00B1ADCA /* Info.plist */,
				A0FC449C245D3C9E00B1ADCA /* EverMore.xcdatamodeld */,
				A0FC4493245D3C9E00B1ADCA /* AppDelegate.swift */,
			);
			path = EverMore;
			sourceTree = "<group>";
		};
		A0FC44AC245D3C9F00B1ADCA /* EverMoreTests */ = {
			isa = PBXGroup;
			children = (
				A0403FD82465C26700A81462 /* Budget.swift */,
				A0FC44AF245D3C9F00B1ADCA /* Info.plist */,
			);
			path = EverMoreTests;
			sourceTree = "<group>";
		};
		A0FC44B7245D3C9F00B1ADCA /* EverMoreUITests */ = {
			isa = PBXGroup;
			children = (
				A0FC44B8245D3C9F00B1ADCA /* EverMoreUITests.swift */,
				A0FC44BA245D3C9F00B1ADCA /* Info.plist */,
			);
			path = EverMoreUITests;
			sourceTree = "<group>";
		};
		A321ABA44588D50DF197E7F5 /* Pods */ = {
			isa = PBXGroup;
			children = (
				EB876269660437636E5468DC /* Pods-EverMore.debug.xcconfig */,
				18F27926BE2397D9039931A0 /* Pods-EverMore.release.xcconfig */,
				94F8EFEDCDDAB8531583408A /* Pods-EverMoreTests.debug.xcconfig */,
				58DF6E5C9F792FACEA8CF10C /* Pods-EverMoreTests.release.xcconfig */,
				28C7E18E314844E74394EAA0 /* Pods-EverMoreUITests.debug.xcconfig */,
				E3114B7F732BF7ECA90779F7 /* Pods-EverMoreUITests.release.xcconfig */,
			);
			path = Pods;
			sourceTree = "<group>";
		};
		FC5DBEEA5AE077495DB28570 /* Frameworks */ = {
			isa = PBXGroup;
			children = (
				04AABC6B61D28F4E8FD95CDE /* Pods_EverMore.framework */,
				66052AC8C6D66000B096E3CC /* Pods_EverMoreTests.framework */,
				66E6358B98E129B8557F3011 /* Pods_EverMoreUITests.framework */,
			);
			name = Frameworks;
			sourceTree = "<group>";
		};
/* End PBXGroup section */

/* Begin PBXNativeTarget section */
		A0FC448F245D3C9E00B1ADCA /* EverMore */ = {
			isa = PBXNativeTarget;
			buildConfigurationList = A0FC44BD245D3C9F00B1ADCA /* Build configuration list for PBXNativeTarget "EverMore" */;
			buildPhases = (
				DA4DAE5CF0B340A11648C023 /* [CP] Check Pods Manifest.lock */,
				A0FC448C245D3C9E00B1ADCA /* Sources */,
				A0FC448D245D3C9E00B1ADCA /* Frameworks */,
				A0FC448E245D3C9E00B1ADCA /* Resources */,
				FC2EF82BFA1647D93955BEAE /* [CP] Embed Pods Frameworks */,
			);
			buildRules = (
			);
			dependencies = (
			);
			name = EverMore;
			productName = EverMore;
			productReference = A0FC4490245D3C9E00B1ADCA /* EverMore.app */;
			productType = "com.apple.product-type.application";
		};
		A0FC44A8245D3C9F00B1ADCA /* EverMoreTests */ = {
			isa = PBXNativeTarget;
			buildConfigurationList = A0FC44C0245D3C9F00B1ADCA /* Build configuration list for PBXNativeTarget "EverMoreTests" */;
			buildPhases = (
				831C6D37EB85BA1569EB6030 /* [CP] Check Pods Manifest.lock */,
				A0FC44A5245D3C9F00B1ADCA /* Sources */,
				A0FC44A6245D3C9F00B1ADCA /* Frameworks */,
				A0FC44A7245D3C9F00B1ADCA /* Resources */,
			);
			buildRules = (
			);
			dependencies = (
				A0FC44AB245D3C9F00B1ADCA /* PBXTargetDependency */,
			);
			name = EverMoreTests;
			productName = EverMoreTests;
			productReference = A0FC44A9245D3C9F00B1ADCA /* EverMoreTests.xctest */;
			productType = "com.apple.product-type.bundle.unit-test";
		};
		A0FC44B3245D3C9F00B1ADCA /* EverMoreUITests */ = {
			isa = PBXNativeTarget;
			buildConfigurationList = A0FC44C3245D3C9F00B1ADCA /* Build configuration list for PBXNativeTarget "EverMoreUITests" */;
			buildPhases = (
				16B5F343AEF3AC06E1C83269 /* [CP] Check Pods Manifest.lock */,
				A0FC44B0245D3C9F00B1ADCA /* Sources */,
				A0FC44B1245D3C9F00B1ADCA /* Frameworks */,
				A0FC44B2245D3C9F00B1ADCA /* Resources */,
			);
			buildRules = (
			);
			dependencies = (
				A0FC44B6245D3C9F00B1ADCA /* PBXTargetDependency */,
			);
			name = EverMoreUITests;
			productName = EverMoreUITests;
			productReference = A0FC44B4245D3C9F00B1ADCA /* EverMoreUITests.xctest */;
			productType = "com.apple.product-type.bundle.ui-testing";
		};
/* End PBXNativeTarget section */

/* Begin PBXProject section */
		A0FC4488245D3C9E00B1ADCA /* Project object */ = {
			isa = PBXProject;
			attributes = {
				LastSwiftUpdateCheck = 1140;
				LastUpgradeCheck = 1140;
				ORGANIZATIONNAME = "Andy Wong";
				TargetAttributes = {
					A0FC448F245D3C9E00B1ADCA = {
						CreatedOnToolsVersion = 11.4.1;
					};
					A0FC44A8245D3C9F00B1ADCA = {
						CreatedOnToolsVersion = 11.4.1;
						TestTargetID = A0FC448F245D3C9E00B1ADCA;
					};
					A0FC44B3245D3C9F00B1ADCA = {
						CreatedOnToolsVersion = 11.4.1;
						TestTargetID = A0FC448F245D3C9E00B1ADCA;
					};
				};
			};
			buildConfigurationList = A0FC448B245D3C9E00B1ADCA /* Build configuration list for PBXProject "EverMore" */;
			compatibilityVersion = "Xcode 9.3";
			developmentRegion = en;
			hasScannedForEncodings = 0;
			knownRegions = (
				en,
				Base,
			);
			mainGroup = A0FC4487245D3C9E00B1ADCA;
			productRefGroup = A0FC4491245D3C9E00B1ADCA /* Products */;
			projectDirPath = "";
			projectRoot = "";
			targets = (
				A0FC448F245D3C9E00B1ADCA /* EverMore */,
				A0FC44A8245D3C9F00B1ADCA /* EverMoreTests */,
				A0FC44B3245D3C9F00B1ADCA /* EverMoreUITests */,
			);
		};
/* End PBXProject section */

/* Begin PBXResourcesBuildPhase section */
		A0FC448E245D3C9E00B1ADCA /* Resources */ = {
			isa = PBXResourcesBuildPhase;
			buildActionMask = 2147483647;
			files = (
				A0FC44A3245D3C9F00B1ADCA /* LaunchScreen.storyboard in Resources */,
				A0FC44A0245D3C9F00B1ADCA /* Assets.xcassets in Resources */,
				AFE130E924781DFF00953BBA /* GoogleService-Info.plist in Resources */,
			);
			runOnlyForDeploymentPostprocessing = 0;
		};
		A0FC44A7245D3C9F00B1ADCA /* Resources */ = {
			isa = PBXResourcesBuildPhase;
			buildActionMask = 2147483647;
			files = (
			);
			runOnlyForDeploymentPostprocessing = 0;
		};
		A0FC44B2245D3C9F00B1ADCA /* Resources */ = {
			isa = PBXResourcesBuildPhase;
			buildActionMask = 2147483647;
			files = (
			);
			runOnlyForDeploymentPostprocessing = 0;
		};
/* End PBXResourcesBuildPhase section */

/* Begin PBXShellScriptBuildPhase section */
		16B5F343AEF3AC06E1C83269 /* [CP] Check Pods Manifest.lock */ = {
			isa = PBXShellScriptBuildPhase;
			buildActionMask = 2147483647;
			files = (
			);
			inputFileListPaths = (
			);
			inputPaths = (
				"${PODS_PODFILE_DIR_PATH}/Podfile.lock",
				"${PODS_ROOT}/Manifest.lock",
			);
			name = "[CP] Check Pods Manifest.lock";
			outputFileListPaths = (
			);
			outputPaths = (
				"$(DERIVED_FILE_DIR)/Pods-EverMoreUITests-checkManifestLockResult.txt",
			);
			runOnlyForDeploymentPostprocessing = 0;
			shellPath = /bin/sh;
			shellScript = "diff \"${PODS_PODFILE_DIR_PATH}/Podfile.lock\" \"${PODS_ROOT}/Manifest.lock\" > /dev/null\nif [ $? != 0 ] ; then\n    # print error to STDERR\n    echo \"error: The sandbox is not in sync with the Podfile.lock. Run 'pod install' or update your CocoaPods installation.\" >&2\n    exit 1\nfi\n# This output is used by Xcode 'outputs' to avoid re-running this script phase.\necho \"SUCCESS\" > \"${SCRIPT_OUTPUT_FILE_0}\"\n";
			showEnvVarsInLog = 0;
		};
		831C6D37EB85BA1569EB6030 /* [CP] Check Pods Manifest.lock */ = {
			isa = PBXShellScriptBuildPhase;
			buildActionMask = 2147483647;
			files = (
			);
			inputFileListPaths = (
			);
			inputPaths = (
				"${PODS_PODFILE_DIR_PATH}/Podfile.lock",
				"${PODS_ROOT}/Manifest.lock",
			);
			name = "[CP] Check Pods Manifest.lock";
			outputFileListPaths = (
			);
			outputPaths = (
				"$(DERIVED_FILE_DIR)/Pods-EverMoreTests-checkManifestLockResult.txt",
			);
			runOnlyForDeploymentPostprocessing = 0;
			shellPath = /bin/sh;
			shellScript = "diff \"${PODS_PODFILE_DIR_PATH}/Podfile.lock\" \"${PODS_ROOT}/Manifest.lock\" > /dev/null\nif [ $? != 0 ] ; then\n    # print error to STDERR\n    echo \"error: The sandbox is not in sync with the Podfile.lock. Run 'pod install' or update your CocoaPods installation.\" >&2\n    exit 1\nfi\n# This output is used by Xcode 'outputs' to avoid re-running this script phase.\necho \"SUCCESS\" > \"${SCRIPT_OUTPUT_FILE_0}\"\n";
			showEnvVarsInLog = 0;
		};
		DA4DAE5CF0B340A11648C023 /* [CP] Check Pods Manifest.lock */ = {
			isa = PBXShellScriptBuildPhase;
			buildActionMask = 2147483647;
			files = (
			);
			inputFileListPaths = (
			);
			inputPaths = (
				"${PODS_PODFILE_DIR_PATH}/Podfile.lock",
				"${PODS_ROOT}/Manifest.lock",
			);
			name = "[CP] Check Pods Manifest.lock";
			outputFileListPaths = (
			);
			outputPaths = (
				"$(DERIVED_FILE_DIR)/Pods-EverMore-checkManifestLockResult.txt",
			);
			runOnlyForDeploymentPostprocessing = 0;
			shellPath = /bin/sh;
			shellScript = "diff \"${PODS_PODFILE_DIR_PATH}/Podfile.lock\" \"${PODS_ROOT}/Manifest.lock\" > /dev/null\nif [ $? != 0 ] ; then\n    # print error to STDERR\n    echo \"error: The sandbox is not in sync with the Podfile.lock. Run 'pod install' or update your CocoaPods installation.\" >&2\n    exit 1\nfi\n# This output is used by Xcode 'outputs' to avoid re-running this script phase.\necho \"SUCCESS\" > \"${SCRIPT_OUTPUT_FILE_0}\"\n";
			showEnvVarsInLog = 0;
		};
		FC2EF82BFA1647D93955BEAE /* [CP] Embed Pods Frameworks */ = {
			isa = PBXShellScriptBuildPhase;
			buildActionMask = 2147483647;
			files = (
			);
			inputFileListPaths = (
				"${PODS_ROOT}/Target Support Files/Pods-EverMore/Pods-EverMore-frameworks-${CONFIGURATION}-input-files.xcfilelist",
			);
			name = "[CP] Embed Pods Frameworks";
			outputFileListPaths = (
				"${PODS_ROOT}/Target Support Files/Pods-EverMore/Pods-EverMore-frameworks-${CONFIGURATION}-output-files.xcfilelist",
			);
			runOnlyForDeploymentPostprocessing = 0;
			shellPath = /bin/sh;
			shellScript = "\"${PODS_ROOT}/Target Support Files/Pods-EverMore/Pods-EverMore-frameworks.sh\"\n";
			showEnvVarsInLog = 0;
		};
/* End PBXShellScriptBuildPhase section */

/* Begin PBXSourcesBuildPhase section */
		A0FC448C245D3C9E00B1ADCA /* Sources */ = {
			isa = PBXSourcesBuildPhase;
			buildActionMask = 2147483647;
			files = (
				A04B5E602469E034008A418A /* UnderlineTextfield.swift in Sources */,
				A0FC44C7245D435800B1ADCA /* OnboardingMultipleChoiceVC.swift in Sources */,
				A0750D3E245E39C500194C15 /* Extensions.swift in Sources */,
				A0E463C02470454A00078423 /* FeedbackViewController.swift in Sources */,
				A09D436D24647D5A00ABFAEC /* ReviewViewController.swift in Sources */,
				A0385E4D2461D0A600A77848 /* DebtOwedVC.swift in Sources */,
				A0FC4494245D3C9E00B1ADCA /* AppDelegate.swift in Sources */,
				A00C099F246DCC8100691728 /* TutorialViewController.swift in Sources */,
				A07BB41B245F19E200A9EBB2 /* MultipleSelectionListViewController.swift in Sources */,
				A0750D40245E3AB300194C15 /* BottomBackNextView.swift in Sources */,
				A0A19EA2246B1923000FD2FD /* CategoryLabel.swift in Sources */,
				A0B68CAB245D55B6002B6DED /* OnboardingCell.swift in Sources */,
				A0385E4F2461DA2F00A77848 /* Budget.swift in Sources */,
				A0B68CA9245D55A7002B6DED /* OnboardingHeaderView.swift in Sources */,
				A0750D3C245E37B300194C15 /* ValuePickerViewController.swift in Sources */,
				A0019B2C246712F00061BBF5 /* HomeViewController.swift in Sources */,
				A04591F2245E049500ADEFFD /* Constants.swift in Sources */,
				A0FC449E245D3C9E00B1ADCA /* EverMore.xcdatamodeld in Sources */,
				A0019B2A246712A60061BBF5 /* TabBarController.swift in Sources */,
				A095E8B32469D7450023D3C8 /* EditCurrentBudgetVC.swift in Sources */,
			);
			runOnlyForDeploymentPostprocessing = 0;
		};
		A0FC44A5245D3C9F00B1ADCA /* Sources */ = {
			isa = PBXSourcesBuildPhase;
			buildActionMask = 2147483647;
			files = (
				A0403FD92465C26700A81462 /* Budget.swift in Sources */,
			);
			runOnlyForDeploymentPostprocessing = 0;
		};
		A0FC44B0245D3C9F00B1ADCA /* Sources */ = {
			isa = PBXSourcesBuildPhase;
			buildActionMask = 2147483647;
			files = (
				A0FC44B9245D3C9F00B1ADCA /* EverMoreUITests.swift in Sources */,
			);
			runOnlyForDeploymentPostprocessing = 0;
		};
/* End PBXSourcesBuildPhase section */

/* Begin PBXTargetDependency section */
		A0FC44AB245D3C9F00B1ADCA /* PBXTargetDependency */ = {
			isa = PBXTargetDependency;
			target = A0FC448F245D3C9E00B1ADCA /* EverMore */;
			targetProxy = A0FC44AA245D3C9F00B1ADCA /* PBXContainerItemProxy */;
		};
		A0FC44B6245D3C9F00B1ADCA /* PBXTargetDependency */ = {
			isa = PBXTargetDependency;
			target = A0FC448F245D3C9E00B1ADCA /* EverMore */;
			targetProxy = A0FC44B5245D3C9F00B1ADCA /* PBXContainerItemProxy */;
		};
/* End PBXTargetDependency section */

/* Begin PBXVariantGroup section */
		A0FC44A1245D3C9F00B1ADCA /* LaunchScreen.storyboard */ = {
			isa = PBXVariantGroup;
			children = (
				A0FC44A2245D3C9F00B1ADCA /* Base */,
			);
			name = LaunchScreen.storyboard;
			sourceTree = "<group>";
		};
/* End PBXVariantGroup section */

/* Begin XCBuildConfiguration section */
		A0FC44BB245D3C9F00B1ADCA /* Debug */ = {
			isa = XCBuildConfiguration;
			buildSettings = {
				ALWAYS_SEARCH_USER_PATHS = NO;
				CLANG_ANALYZER_NONNULL = YES;
				CLANG_ANALYZER_NUMBER_OBJECT_CONVERSION = YES_AGGRESSIVE;
				CLANG_CXX_LANGUAGE_STANDARD = "gnu++14";
				CLANG_CXX_LIBRARY = "libc++";
				CLANG_ENABLE_MODULES = YES;
				CLANG_ENABLE_OBJC_ARC = YES;
				CLANG_ENABLE_OBJC_WEAK = YES;
				CLANG_WARN_BLOCK_CAPTURE_AUTORELEASING = YES;
				CLANG_WARN_BOOL_CONVERSION = YES;
				CLANG_WARN_COMMA = YES;
				CLANG_WARN_CONSTANT_CONVERSION = YES;
				CLANG_WARN_DEPRECATED_OBJC_IMPLEMENTATIONS = YES;
				CLANG_WARN_DIRECT_OBJC_ISA_USAGE = YES_ERROR;
				CLANG_WARN_DOCUMENTATION_COMMENTS = YES;
				CLANG_WARN_EMPTY_BODY = YES;
				CLANG_WARN_ENUM_CONVERSION = YES;
				CLANG_WARN_INFINITE_RECURSION = YES;
				CLANG_WARN_INT_CONVERSION = YES;
				CLANG_WARN_NON_LITERAL_NULL_CONVERSION = YES;
				CLANG_WARN_OBJC_IMPLICIT_RETAIN_SELF = YES;
				CLANG_WARN_OBJC_LITERAL_CONVERSION = YES;
				CLANG_WARN_OBJC_ROOT_CLASS = YES_ERROR;
				CLANG_WARN_RANGE_LOOP_ANALYSIS = YES;
				CLANG_WARN_STRICT_PROTOTYPES = YES;
				CLANG_WARN_SUSPICIOUS_MOVE = YES;
				CLANG_WARN_UNGUARDED_AVAILABILITY = YES_AGGRESSIVE;
				CLANG_WARN_UNREACHABLE_CODE = YES;
				CLANG_WARN__DUPLICATE_METHOD_MATCH = YES;
				COPY_PHASE_STRIP = NO;
				DEBUG_INFORMATION_FORMAT = dwarf;
				ENABLE_STRICT_OBJC_MSGSEND = YES;
				ENABLE_TESTABILITY = YES;
				GCC_C_LANGUAGE_STANDARD = gnu11;
				GCC_DYNAMIC_NO_PIC = NO;
				GCC_NO_COMMON_BLOCKS = YES;
				GCC_OPTIMIZATION_LEVEL = 0;
				GCC_PREPROCESSOR_DEFINITIONS = (
					"DEBUG=1",
					"$(inherited)",
				);
				GCC_WARN_64_TO_32_BIT_CONVERSION = YES;
				GCC_WARN_ABOUT_RETURN_TYPE = YES_ERROR;
				GCC_WARN_UNDECLARED_SELECTOR = YES;
				GCC_WARN_UNINITIALIZED_AUTOS = YES_AGGRESSIVE;
				GCC_WARN_UNUSED_FUNCTION = YES;
				GCC_WARN_UNUSED_VARIABLE = YES;
				IPHONEOS_DEPLOYMENT_TARGET = 13.4;
				MTL_ENABLE_DEBUG_INFO = INCLUDE_SOURCE;
				MTL_FAST_MATH = YES;
				ONLY_ACTIVE_ARCH = YES;
				SDKROOT = iphoneos;
				SWIFT_ACTIVE_COMPILATION_CONDITIONS = DEBUG;
				SWIFT_OPTIMIZATION_LEVEL = "-Onone";
			};
			name = Debug;
		};
		A0FC44BC245D3C9F00B1ADCA /* Release */ = {
			isa = XCBuildConfiguration;
			buildSettings = {
				ALWAYS_SEARCH_USER_PATHS = NO;
				CLANG_ANALYZER_NONNULL = YES;
				CLANG_ANALYZER_NUMBER_OBJECT_CONVERSION = YES_AGGRESSIVE;
				CLANG_CXX_LANGUAGE_STANDARD = "gnu++14";
				CLANG_CXX_LIBRARY = "libc++";
				CLANG_ENABLE_MODULES = YES;
				CLANG_ENABLE_OBJC_ARC = YES;
				CLANG_ENABLE_OBJC_WEAK = YES;
				CLANG_WARN_BLOCK_CAPTURE_AUTORELEASING = YES;
				CLANG_WARN_BOOL_CONVERSION = YES;
				CLANG_WARN_COMMA = YES;
				CLANG_WARN_CONSTANT_CONVERSION = YES;
				CLANG_WARN_DEPRECATED_OBJC_IMPLEMENTATIONS = YES;
				CLANG_WARN_DIRECT_OBJC_ISA_USAGE = YES_ERROR;
				CLANG_WARN_DOCUMENTATION_COMMENTS = YES;
				CLANG_WARN_EMPTY_BODY = YES;
				CLANG_WARN_ENUM_CONVERSION = YES;
				CLANG_WARN_INFINITE_RECURSION = YES;
				CLANG_WARN_INT_CONVERSION = YES;
				CLANG_WARN_NON_LITERAL_NULL_CONVERSION = YES;
				CLANG_WARN_OBJC_IMPLICIT_RETAIN_SELF = YES;
				CLANG_WARN_OBJC_LITERAL_CONVERSION = YES;
				CLANG_WARN_OBJC_ROOT_CLASS = YES_ERROR;
				CLANG_WARN_RANGE_LOOP_ANALYSIS = YES;
				CLANG_WARN_STRICT_PROTOTYPES = YES;
				CLANG_WARN_SUSPICIOUS_MOVE = YES;
				CLANG_WARN_UNGUARDED_AVAILABILITY = YES_AGGRESSIVE;
				CLANG_WARN_UNREACHABLE_CODE = YES;
				CLANG_WARN__DUPLICATE_METHOD_MATCH = YES;
				COPY_PHASE_STRIP = NO;
				DEBUG_INFORMATION_FORMAT = "dwarf-with-dsym";
				ENABLE_NS_ASSERTIONS = NO;
				ENABLE_STRICT_OBJC_MSGSEND = YES;
				GCC_C_LANGUAGE_STANDARD = gnu11;
				GCC_NO_COMMON_BLOCKS = YES;
				GCC_WARN_64_TO_32_BIT_CONVERSION = YES;
				GCC_WARN_ABOUT_RETURN_TYPE = YES_ERROR;
				GCC_WARN_UNDECLARED_SELECTOR = YES;
				GCC_WARN_UNINITIALIZED_AUTOS = YES_AGGRESSIVE;
				GCC_WARN_UNUSED_FUNCTION = YES;
				GCC_WARN_UNUSED_VARIABLE = YES;
				IPHONEOS_DEPLOYMENT_TARGET = 13.4;
				MTL_ENABLE_DEBUG_INFO = NO;
				MTL_FAST_MATH = YES;
				SDKROOT = iphoneos;
				SWIFT_COMPILATION_MODE = wholemodule;
				SWIFT_OPTIMIZATION_LEVEL = "-O";
				VALIDATE_PRODUCT = YES;
			};
			name = Release;
		};
		A0FC44BE245D3C9F00B1ADCA /* Debug */ = {
			isa = XCBuildConfiguration;
			baseConfigurationReference = EB876269660437636E5468DC /* Pods-EverMore.debug.xcconfig */;
			buildSettings = {
				ASSETCATALOG_COMPILER_APPICON_NAME = AppIcon;
				CODE_SIGN_STYLE = Automatic;
				CURRENT_PROJECT_VERSION = 9;
				DEVELOPMENT_TEAM = EURL27CLKV;
				GCC_PREPROCESSOR_DEFINITIONS = (
					"$(inherited)",
					"COCOAPODS=1",
					"$(inherited)",
					"PB_FIELD_32BIT=1",
					"PB_NO_PACKED_STRUCTS=1",
					"PB_ENABLE_MALLOC=1",
				);
				INFOPLIST_FILE = EverMore/Info.plist;
				IN_DEVELOPMENT = YES;
				IPHONEOS_DEPLOYMENT_TARGET = 11.0;
				LD_RUNPATH_SEARCH_PATHS = (
					"$(inherited)",
					"@executable_path/Frameworks",
				);
				MARKETING_VERSION = 0.0.0;
				PRODUCT_BUNDLE_IDENTIFIER = com.andywong.EverMore1;
				PRODUCT_NAME = "$(TARGET_NAME)";
				SWIFT_VERSION = 5.0;
				TARGETED_DEVICE_FAMILY = 1;
			};
			name = Debug;
		};
		A0FC44BF245D3C9F00B1ADCA /* Release */ = {
			isa = XCBuildConfiguration;
			baseConfigurationReference = 18F27926BE2397D9039931A0 /* Pods-EverMore.release.xcconfig */;
			buildSettings = {
				ASSETCATALOG_COMPILER_APPICON_NAME = AppIcon;
				CODE_SIGN_STYLE = Automatic;
				CURRENT_PROJECT_VERSION = 9;
				DEVELOPMENT_TEAM = EURL27CLKV;
				GCC_PREPROCESSOR_DEFINITIONS = (
					"$(inherited)",
					"COCOAPODS=1",
					"$(inherited)",
					"PB_FIELD_32BIT=1",
					"PB_NO_PACKED_STRUCTS=1",
					"PB_ENABLE_MALLOC=1",
				);
				INFOPLIST_FILE = EverMore/Info.plist;
				IN_DEVELOPMENT = NO;
				IPHONEOS_DEPLOYMENT_TARGET = 11.0;
				LD_RUNPATH_SEARCH_PATHS = (
					"$(inherited)",
					"@executable_path/Frameworks",
				);
				MARKETING_VERSION = 0.0.0;
				PRODUCT_BUNDLE_IDENTIFIER = com.andywong.EverMore1;
				PRODUCT_NAME = "$(TARGET_NAME)";
				SWIFT_VERSION = 5.0;
				TARGETED_DEVICE_FAMILY = 1;
			};
			name = Release;
		};
		A0FC44C1245D3C9F00B1ADCA /* Debug */ = {
			isa = XCBuildConfiguration;
			baseConfigurationReference = 94F8EFEDCDDAB8531583408A /* Pods-EverMoreTests.debug.xcconfig */;
			buildSettings = {
				ALWAYS_EMBED_SWIFT_STANDARD_LIBRARIES = YES;
				BUNDLE_LOADER = "$(TEST_HOST)";
				CODE_SIGN_STYLE = Automatic;
				DEVELOPMENT_TEAM = EURL27CLKV;
				INFOPLIST_FILE = EverMoreTests/Info.plist;
				IPHONEOS_DEPLOYMENT_TARGET = 13.4;
				LD_RUNPATH_SEARCH_PATHS = (
					"$(inherited)",
					"@executable_path/Frameworks",
					"@loader_path/Frameworks",
				);
				PRODUCT_BUNDLE_IDENTIFIER = com.andywong.EverMoreTests;
				PRODUCT_NAME = "$(TARGET_NAME)";
				SWIFT_VERSION = 5.0;
				TARGETED_DEVICE_FAMILY = "1,2";
				TEST_HOST = "$(BUILT_PRODUCTS_DIR)/EverMore.app/EverMore";
			};
			name = Debug;
		};
		A0FC44C2245D3C9F00B1ADCA /* Release */ = {
			isa = XCBuildConfiguration;
			baseConfigurationReference = 58DF6E5C9F792FACEA8CF10C /* Pods-EverMoreTests.release.xcconfig */;
			buildSettings = {
				ALWAYS_EMBED_SWIFT_STANDARD_LIBRARIES = YES;
				BUNDLE_LOADER = "$(TEST_HOST)";
				CODE_SIGN_STYLE = Automatic;
				DEVELOPMENT_TEAM = EURL27CLKV;
				INFOPLIST_FILE = EverMoreTests/Info.plist;
				IPHONEOS_DEPLOYMENT_TARGET = 13.4;
				LD_RUNPATH_SEARCH_PATHS = (
					"$(inherited)",
					"@executable_path/Frameworks",
					"@loader_path/Frameworks",
				);
				PRODUCT_BUNDLE_IDENTIFIER = com.andywong.EverMoreTests;
				PRODUCT_NAME = "$(TARGET_NAME)";
				SWIFT_VERSION = 5.0;
				TARGETED_DEVICE_FAMILY = "1,2";
				TEST_HOST = "$(BUILT_PRODUCTS_DIR)/EverMore.app/EverMore";
			};
			name = Release;
		};
		A0FC44C4245D3C9F00B1ADCA /* Debug */ = {
			isa = XCBuildConfiguration;
			baseConfigurationReference = 28C7E18E314844E74394EAA0 /* Pods-EverMoreUITests.debug.xcconfig */;
			buildSettings = {
				ALWAYS_EMBED_SWIFT_STANDARD_LIBRARIES = YES;
				CODE_SIGN_STYLE = Automatic;
				DEVELOPMENT_TEAM = EURL27CLKV;
				INFOPLIST_FILE = EverMoreUITests/Info.plist;
				LD_RUNPATH_SEARCH_PATHS = (
					"$(inherited)",
					"@executable_path/Frameworks",
					"@loader_path/Frameworks",
				);
				PRODUCT_BUNDLE_IDENTIFIER = com.andywong.EverMoreUITests;
				PRODUCT_NAME = "$(TARGET_NAME)";
				SWIFT_VERSION = 5.0;
				TARGETED_DEVICE_FAMILY = "1,2";
				TEST_TARGET_NAME = EverMore;
			};
			name = Debug;
		};
		A0FC44C5245D3C9F00B1ADCA /* Release */ = {
			isa = XCBuildConfiguration;
			baseConfigurationReference = E3114B7F732BF7ECA90779F7 /* Pods-EverMoreUITests.release.xcconfig */;
			buildSettings = {
				ALWAYS_EMBED_SWIFT_STANDARD_LIBRARIES = YES;
				CODE_SIGN_STYLE = Automatic;
				DEVELOPMENT_TEAM = EURL27CLKV;
				INFOPLIST_FILE = EverMoreUITests/Info.plist;
				LD_RUNPATH_SEARCH_PATHS = (
					"$(inherited)",
					"@executable_path/Frameworks",
					"@loader_path/Frameworks",
				);
				PRODUCT_BUNDLE_IDENTIFIER = com.andywong.EverMoreUITests;
				PRODUCT_NAME = "$(TARGET_NAME)";
				SWIFT_VERSION = 5.0;
				TARGETED_DEVICE_FAMILY = "1,2";
				TEST_TARGET_NAME = EverMore;
			};
			name = Release;
		};
/* End XCBuildConfiguration section */

/* Begin XCConfigurationList section */
		A0FC448B245D3C9E00B1ADCA /* Build configuration list for PBXProject "EverMore" */ = {
			isa = XCConfigurationList;
			buildConfigurations = (
				A0FC44BB245D3C9F00B1ADCA /* Debug */,
				A0FC44BC245D3C9F00B1ADCA /* Release */,
			);
			defaultConfigurationIsVisible = 0;
			defaultConfigurationName = Release;
		};
		A0FC44BD245D3C9F00B1ADCA /* Build configuration list for PBXNativeTarget "EverMore" */ = {
			isa = XCConfigurationList;
			buildConfigurations = (
				A0FC44BE245D3C9F00B1ADCA /* Debug */,
				A0FC44BF245D3C9F00B1ADCA /* Release */,
			);
			defaultConfigurationIsVisible = 0;
			defaultConfigurationName = Release;
		};
		A0FC44C0245D3C9F00B1ADCA /* Build configuration list for PBXNativeTarget "EverMoreTests" */ = {
			isa = XCConfigurationList;
			buildConfigurations = (
				A0FC44C1245D3C9F00B1ADCA /* Debug */,
				A0FC44C2245D3C9F00B1ADCA /* Release */,
			);
			defaultConfigurationIsVisible = 0;
			defaultConfigurationName = Release;
		};
		A0FC44C3245D3C9F00B1ADCA /* Build configuration list for PBXNativeTarget "EverMoreUITests" */ = {
			isa = XCConfigurationList;
			buildConfigurations = (
				A0FC44C4245D3C9F00B1ADCA /* Debug */,
				A0FC44C5245D3C9F00B1ADCA /* Release */,
			);
			defaultConfigurationIsVisible = 0;
			defaultConfigurationName = Release;
		};
/* End XCConfigurationList section */

/* Begin XCVersionGroup section */
		A0FC449C245D3C9E00B1ADCA /* EverMore.xcdatamodeld */ = {
			isa = XCVersionGroup;
			children = (
				A0FC449D245D3C9E00B1ADCA /* EverMore.xcdatamodel */,
			);
			currentVersion = A0FC449D245D3C9E00B1ADCA /* EverMore.xcdatamodel */;
			path = EverMore.xcdatamodeld;
			sourceTree = "<group>";
			versionGroupType = wrapper.xcdatamodel;
		};
/* End XCVersionGroup section */
	};
	rootObject = A0FC4488245D3C9E00B1ADCA /* Project object */;
}
